github.com/cdvelop/input v0.0.77 h1:2NQ9+/RgE+4ES7gi6RcBwK10gSMoTxdxQP+QsWxq28Q=
github.com/cdvelop/input v0.0.77/go.mod h1:phQj6lxRpgxcxaJljgESZ2EKKUVMcNXs+aYJj9vKmv8=
github.com/cdvelop/model v0.0.106 h1:uMGIjAcXki6GK1PVREaSaPLsq9AZuKlE/R799Sh3KnU=
github.com/cdvelop/model v0.0.106/go.mod h1:cYJNxbv1WV/aDgiVPV9VXs8LrbF8+0nU+X+KfSevyzw=
github.com/cdvelop/strings v0.0.9 h1:yDh2msl3EQja0dHw+oOHfD9ymQMa50KakKTkjsXDnvw=
github.com/cdvelop/strings v0.0.9/go.mod h1:zNexDeXHRETbMmlmNThQeM7ksRsvzrphsCfwuSxaURk=
github.com/cdvelop/structs v0.0.1 h1:9H4JUJ/dK1zaUOpIgay4xZpP3O/Jh991nErccKknKZ8=
github.com/cdvelop/structs v0.0.1/go.mod h1:dvym7DUgaMRqhdcDTgCQNkbuhr+HqfwdaDMeZTmIWEI=
github.com/cdvelop/timeserver v0.0.31 h1:+Yt1ydpmtNDMJbFu29hcnmkwtK+BW+gBQyhbVVAvnHg=
github.com/cdvelop/timetools v0.0.32 h1:tQPO4BwrEBrIGVMZHhsoYYeu8UXyF6hicm/Q54SET6k=
github.com/cdvelop/timetools v0.0.32/go.mod h1:Y6C9bgqYnwI+WUuIiJs5VlfyNdVPsCN+42LxUB1S2yo=
github.com/cdvelop/unixid v0.0.46 h1:a30VgRooG2w1e0g0Xvcltvzino+NtEXsy1cXtYOiM4I=
github.com/cdvelop/unixid v0.0.46/go.mod h1:in5rAvZBhNVql/c3s+0LGjyeZJVoZnoGJcnKDX+4Oog=
