github.com/cdvelop/input v0.0.72 h1:+DQwvP+63zbeHfV7ldacTCzz4J1e3VqhnSqqbLELCXw=
github.com/cdvelop/input v0.0.72/go.mod h1:9idvtemvFl9mspFBhFu7qbf40Rh15lWFgxydu/0Fcvk=
github.com/cdvelop/model v0.0.101 h1:UAuZOAFpfMB26XD8gPTQIkilfL1JTDNk5vT6b2w7rxg=
github.com/cdvelop/model v0.0.101/go.mod h1:cYJNxbv1WV/aDgiVPV9VXs8LrbF8+0nU+X+KfSevyzw=
github.com/cdvelop/strings v0.0.9 h1:yDh2msl3EQja0dHw+oOHfD9ymQMa50KakKTkjsXDnvw=
github.com/cdvelop/strings v0.0.9/go.mod h1:zNexDeXHRETbMmlmNThQeM7ksRsvzrphsCfwuSxaURk=
github.com/cdvelop/timeserver v0.0.31 h1:+Yt1ydpmtNDMJbFu29hcnmkwtK+BW+gBQyhbVVAvnHg=
github.com/cdvelop/timetools v0.0.32 h1:tQPO4BwrEBrIGVMZHhsoYYeu8UXyF6hicm/Q54SET6k=
github.com/cdvelop/timetools v0.0.32/go.mod h1:Y6C9bgqYnwI+WUuIiJs5VlfyNdVPsCN+42LxUB1S2yo=
github.com/cdvelop/unixid v0.0.38 h1:MTpsftiXCWjti1qWD6dnEaUwWv7i/zbbkpS9Lpbd0wk=
github.com/cdvelop/unixid v0.0.38/go.mod h1:na3FPR9bB8m18DL3OyaoNuUIpfMaMZwarXETgYQrPcg=
