github.com/cdvelop/input v0.0.63 h1:yW8A8KHAOu30Vc8GA5OglbtaYz6eSWMTFzOYGtRNPDk=
github.com/cdvelop/input v0.0.63/go.mod h1:EzTY6Vy8Tt8goGpKPjNqCEFCVy0prkVTvmSds0bq07Q=
github.com/cdvelop/model v0.0.86 h1:7XKwQ15mPmhqFccCz80/GYp3SSIu6jdE9nKLYXNeymM=
github.com/cdvelop/model v0.0.86/go.mod h1:cYJNxbv1WV/aDgiVPV9VXs8LrbF8+0nU+X+KfSevyzw=
github.com/cdvelop/strings v0.0.9 h1:yDh2msl3EQja0dHw+oOHfD9ymQMa50KakKTkjsXDnvw=
github.com/cdvelop/strings v0.0.9/go.mod h1:zNexDeXHRETbMmlmNThQeM7ksRsvzrphsCfwuSxaURk=
github.com/cdvelop/timeserver v0.0.27 h1:DyFQWNtVPLe8R0GIhlo9P4+biZQUsqxHkyzGZ5pWEAM=
github.com/cdvelop/timetools v0.0.28 h1:deG3CoMbItderXCsR77aQK4t7beBocLQvollpoeZ32s=
github.com/cdvelop/timetools v0.0.28/go.mod h1:pldiqgD86bayORZC0wlEqAT8A+WxJIHvhrY899yP1e0=
github.com/cdvelop/unixid v0.0.29 h1:/2lK66TpIJtxBcqSRsalqTYI76PJiK2n3Fu9iq8WKUg=
github.com/cdvelop/unixid v0.0.29/go.mod h1:PdpJSjqTcvcXWPCdgM2iYhgXPKjjWSwfca8u/ZDat/k=
